Microsoft Visual Studio Solution File, Format Version 12.00
# Visual Studio Version 17
VisualStudioVersion = 17.10.34902.84
MinimumVisualStudioVersion = 10.0.40219.1
Project("{8BC9CEB8-8B4A-11D0-8D11-00A0C91BC942}") = "zaxdemo", "zaxdemo.vcxproj", "{4DE0F965-36FC-4557-8930-6A4BA505C06B}"
EndProject
Project("{8BC9CEB8-8B4A-11D0-8D11-00A0C91BC942}") = "gameobjects", "..\gameobjects\gameobjects.vcxproj", "{CAD0E1FF-AA44-4EAC-B66F-B4CC30B49F2A}"
EndProject
Project("{8BC9CEB8-8B4A-11D0-8D11-00A0C91BC942}") = "framework", "..\..\build\msvc17\framework\framework.vcxproj", "{1E721F2B-153D-49FC-B77E-FB76DD840228}"
EndProject
Project("{8BC9CEB8-8B4A-11D0-8D11-00A0C91BC942}") = "gr", "..\..\build\msvc17\gr\gr.vcxproj", "{DCF97E5B-E033-4BD6-8F2A-2D1D6031FA03}"
EndProject
Project("{8BC9CEB8-8B4A-11D0-8D11-00A0C91BC942}") = "grdx", "..\..\build\msvc17\gr\dx\grdx.vcxproj", "{0BC72155-8ECF-4493-BDAC-BC979DDF6443}"
EndProject
Project("{8BC9CEB8-8B4A-11D0-8D11-00A0C91BC942}") = "hgr", "..\..\build\msvc17\hgr\hgr.vcxproj", "{04D3BAA8-00E0-4469-922F-D6C1A298196E}"
EndProject
Project("{8BC9CEB8-8B4A-11D0-8D11-00A0C91BC942}") = "lua", "..\..\build\msvc17\lua\lua.vcxproj", "{536D07E4-3C71-4388-9CB3-C5862B37307C}"
EndProject
Project("{8BC9CEB8-8B4A-11D0-8D11-00A0C91BC942}") = "ode", "..\..\build\msvc17\ode\ode.vcxproj", "{7F789BA0-0E90-41CB-9E43-0FE43C5823A1}"
EndProject
Global
	GlobalSection(SolutionConfigurationPlatforms) = preSolution
		Debug|Win32 = Debug|Win32
		Release|Win32 = Release|Win32
	EndGlobalSection
	GlobalSection(ProjectConfigurationPlatforms) = postSolution
		{4DE0F965-36FC-4557-8930-6A4BA505C06B}.Debug|Win32.ActiveCfg = Debug|Win32
		{4DE0F965-36FC-4557-8930-6A4BA505C06B}.Debug|Win32.Build.0 = Debug|Win32
		{4DE0F965-36FC-4557-8930-6A4BA505C06B}.Release|Win32.ActiveCfg = Release|Win32
		{4DE0F965-36FC-4557-8930-6A4BA505C06B}.Release|Win32.Build.0 = Release|Win32
		{CAD0E1FF-AA44-4EAC-B66F-B4CC30B49F2A}.Debug|Win32.ActiveCfg = Debug|Win32
		{CAD0E1FF-AA44-4EAC-B66F-B4CC30B49F2A}.Debug|Win32.Build.0 = Debug|Win32
		{CAD0E1FF-AA44-4EAC-B66F-B4CC30B49F2A}.Release|Win32.ActiveCfg = Release|Win32
		{CAD0E1FF-AA44-4EAC-B66F-B4CC30B49F2A}.Release|Win32.Build.0 = Release|Win32
		{1E721F2B-153D-49FC-B77E-FB76DD840228}.Debug|Win32.ActiveCfg = Debug|Win32
		{1E721F2B-153D-49FC-B77E-FB76DD840228}.Debug|Win32.Build.0 = Debug|Win32
		{1E721F2B-153D-49FC-B77E-FB76DD840228}.Release|Win32.ActiveCfg = Release|Win32
		{1E721F2B-153D-49FC-B77E-FB76DD840228}.Release|Win32.Build.0 = Release|Win32
		{DCF97E5B-E033-4BD6-8F2A-2D1D6031FA03}.Debug|Win32.ActiveCfg = Debug|Win32
		{DCF97E5B-E033-4BD6-8F2A-2D1D6031FA03}.Debug|Win32.Build.0 = Debug|Win32
		{DCF97E5B-E033-4BD6-8F2A-2D1D6031FA03}.Release|Win32.ActiveCfg = Release|Win32
		{DCF97E5B-E033-4BD6-8F2A-2D1D6031FA03}.Release|Win32.Build.0 = Release|Win32
		{0BC72155-8ECF-4493-BDAC-BC979DDF6443}.Debug|Win32.ActiveCfg = Debug|Win32
		{0BC72155-8ECF-4493-BDAC-BC979DDF6443}.Debug|Win32.Build.0 = Debug|Win32
		{0BC72155-8ECF-4493-BDAC-BC979DDF6443}.Release|Win32.ActiveCfg = Release|Win32
		{0BC72155-8ECF-4493-BDAC-BC979DDF6443}.Release|Win32.Build.0 = Release|Win32
		{04D3BAA8-00E0-4469-922F-D6C1A298196E}.Debug|Win32.ActiveCfg = Debug|Win32
		{04D3BAA8-00E0-4469-922F-D6C1A298196E}.Debug|Win32.Build.0 = Debug|Win32
		{04D3BAA8-00E0-4469-922F-D6C1A298196E}.Release|Win32.ActiveCfg = Release|Win32
		{04D3BAA8-00E0-4469-922F-D6C1A298196E}.Release|Win32.Build.0 = Release|Win32
		{536D07E4-3C71-4388-9CB3-C5862B37307C}.Debug|Win32.ActiveCfg = Debug|Win32
		{536D07E4-3C71-4388-9CB3-C5862B37307C}.Debug|Win32.Build.0 = Debug|Win32
		{536D07E4-3C71-4388-9CB3-C5862B37307C}.Release|Win32.ActiveCfg = Release|Win32
		{536D07E4-3C71-4388-9CB3-C5862B37307C}.Release|Win32.Build.0 = Release|Win32
		{7F789BA0-0E90-41CB-9E43-0FE43C5823A1}.Debug|Win32.ActiveCfg = Debug|Win32
		{7F789BA0-0E90-41CB-9E43-0FE43C5823A1}.Debug|Win32.Build.0 = Debug|Win32
		{7F789BA0-0E90-41CB-9E43-0FE43C5823A1}.Release|Win32.ActiveCfg = Release|Win32
		{7F789BA0-0E90-41CB-9E43-0FE43C5823A1}.Release|Win32.Build.0 = Release|Win32
	EndGlobalSection
	GlobalSection(SolutionProperties) = preSolution
		HideSolutionNode = FALSE
	EndGlobalSection
	GlobalSection(ExtensibilityGlobals) = postSolution
		SolutionGuid = {2A1BD599-A6BC-4717-882E-2AA93AA06FE3}
	EndGlobalSection
EndGlobal
